
Microsoft Visual Studio Solution File, Format Version 12.00
# Visual Studio Version 17
VisualStudioVersion = 17.5.33502.453
MinimumVisualStudioVersion = 10.0.40219.1
Project("{9A19103F-16F7-4668-BE54-9A1E7A4F7556}") = "testSDL", "testSDL\testSDL.csproj", "{42B5CE64-EA99-4E91-9FA4-E1925D658A1B}"
EndProject
Project("{2150E333-8FDC-42A3-9474-1A3956D46DE8}") = "Éléments de solution", "Éléments de solution", "{78428039-15E8-4042-931E-AD816600B95D}"
EndProject
Global
	GlobalSection(SolutionConfigurationPlatforms) = preSolution
		Debug|Any CPU = Debug|Any CPU
		Release|Any CPU = Release|Any CPU
	EndGlobalSection
	GlobalSection(ProjectConfigurationPlatforms) = postSolution
		{42B5CE64-EA99-4E91-9FA4-E1925D658A1B}.Debug|Any CPU.ActiveCfg = Debug|Any CPU
		{42B5CE64-EA99-4E91-9FA4-E1925D658A1B}.Debug|Any CPU.Build.0 = Debug|Any CPU
		{42B5CE64-EA99-4E91-9FA4-E1925D658A1B}.Release|Any CPU.ActiveCfg = Release|Any CPU
		{42B5CE64-EA99-4E91-9FA4-E1925D658A1B}.Release|Any CPU.Build.0 = Release|Any CPU
	EndGlobalSection
	GlobalSection(SolutionProperties) = preSolution
		HideSolutionNode = FALSE
	EndGlobalSection
	GlobalSection(ExtensibilityGlobals) = postSolution
		SolutionGuid = {4DF0B477-B9BA-4EB2-937D-40E5902F6AEE}
	EndGlobalSection
EndGlobal
